# This file is automatically @generated by Poetry 1.5.4 and should not be changed by hand.

[[package]]
name = "dictionary"
version = "1.0"
description = "Python dictionary module,spell checking,sessions .."
optional = false
python-versions = "*"
files = [
    {file = "dictionary-1.0.tar.gz", hash = "sha256:f198a683ec9ae81daf39f04cba19ef54642c4539bb8678e0930780ae003eaa93"},
]

[metadata]
lock-version = "2.0"
python-versions = ">=3.10.0,<3.11"
content-hash = "31e66f5cc462584d79c4cb7880764c64eaa368f51f2656d55fd61a5be5112f5c"
